{
  "name": "miniprogram-3",
  "version": "1.0.0",
  "lockfileVersion": 2,
  "requires": true,
  "packages": {
    "": {
      "version": "1.0.0",
      "license": "ISC",
      "dependencies": {
        "mini-color-picker": "^0.1.2"
      }
    },
    "node_modules/mini-color-picker": {
      "version": "0.1.2",
      "resolved": "https://registry.npmjs.org/mini-color-picker/-/mini-color-picker-0.1.2.tgz",
      "integrity": "sha512-ln0KRwzj8Ted8quhcaHiTa+cj/lDrfryscoN+TwnmOf1E7st3Ud+kadgviMuniEZhL3TDwFY3qa1Km/iDSiMug=="
    }
  },
  "dependencies": {
    "mini-color-picker": {
      "version": "0.1.2",
      "resolved": "https://registry.npmjs.org/mini-color-picker/-/mini-color-picker-0.1.2.tgz",
      "integrity": "sha512-ln0KRwzj8Ted8quhcaHiTa+cj/lDrfryscoN+TwnmOf1E7st3Ud+kadgviMuniEZhL3TDwFY3qa1Km/iDSiMug=="
    }
  }
}
